// !$*UTF8*$!
{
	archiveVersion = 1;
	classes = {
	};
	objectVersion = 50;
	objects = {

/* Begin PBXBuildFile section */
		D69D9DA522E9ACC60008F4B4 /* AppDelegate.swift in Sources */ = {isa = PBXBuildFile; fileRef = D69D9DA422E9ACC60008F4B4 /* AppDelegate.swift */; };
		D69D9DAA22E9ACC60008F4B4 /* Main.storyboard in Resources */ = {isa = PBXBuildFile; fileRef = D69D9DA822E9ACC60008F4B4 /* Main.storyboard */; };
		D69D9DAC22E9ACC90008F4B4 /* Assets.xcassets in Resources */ = {isa = PBXBuildFile; fileRef = D69D9DAB22E9ACC90008F4B4 /* Assets.xcassets */; };
		D69D9DAF22E9ACC90008F4B4 /* LaunchScreen.storyboard in Resources */ = {isa = PBXBuildFile; fileRef = D69D9DAD22E9ACC90008F4B4 /* LaunchScreen.storyboard */; };
		D69D9DB922E9AD910008F4B4 /* StretchyHeaderController.swift in Sources */ = {isa = PBXBuildFile; fileRef = D69D9DB822E9AD910008F4B4 /* StretchyHeaderController.swift */; };
		D69D9DBC22E9AF8D0008F4B4 /* StretchyHeaderLayout.swift in Sources */ = {isa = PBXBuildFile; fileRef = D69D9DBB22E9AF8D0008F4B4 /* StretchyHeaderLayout.swift */; };
		D69D9DC022E9BFD20008F4B4 /* StretchyHeaderView.swift in Sources */ = {isa = PBXBuildFile; fileRef = D69D9DBE22E9BFD20008F4B4 /* StretchyHeaderView.swift */; };
		D69D9DC122E9BFD20008F4B4 /* StretchyHeaderView.xib in Resources */ = {isa = PBXBuildFile; fileRef = D69D9DBF22E9BFD20008F4B4 /* StretchyHeaderView.xib */; };
		D69D9DC422E9C8360008F4B4 /* Extension.swift in Sources */ = {isa = PBXBuildFile; fileRef = D69D9DC322E9C8360008F4B4 /* Extension.swift */; };
/* End PBXBuildFile section */

/* Begin PBXFileReference section */
		D69D9DA122E9ACC60008F4B4 /* StretchyHeader.app */ = {isa = PBXFileReference; explicitFileType = wrapper.application; includeInIndex = 0; path = StretchyHeader.app; sourceTree = BUILT_PRODUCTS_DIR; };
		D69D9DA422E9ACC60008F4B4 /* AppDelegate.swift */ = {isa = PBXFileReference; lastKnownFileType = sourcecode.swift; path = AppDelegate.swift; sourceTree = "<group>"; };
		D69D9DA922E9ACC60008F4B4 /* Base */ = {isa = PBXFileReference; lastKnownFileType = file.storyboard; name = Base; path = Base.lproj/Main.storyboard; sourceTree = "<group>"; };
		D69D9DAB22E9ACC90008F4B4 /* Assets.xcassets */ = {isa = PBXFileReference; lastKnownFileType = folder.assetcatalog; path = Assets.xcassets; sourceTree = "<group>"; };
		D69D9DAE22E9ACC90008F4B4 /* Base */ = {isa = PBXFileReference; lastKnownFileType = file.storyboard; name = Base; path = Base.lproj/LaunchScreen.storyboard; sourceTree = "<group>"; };
		D69D9DB022E9ACC90008F4B4 /* Info.plist */ = {isa = PBXFileReference; lastKnownFileType = text.plist.xml; path = Info.plist; sourceTree = "<group>"; };
		D69D9DB822E9AD910008F4B4 /* StretchyHeaderController.swift */ = {isa = PBXFileReference; lastKnownFileType = sourcecode.swift; path = StretchyHeaderController.swift; sourceTree = "<group>"; };
		D69D9DBB22E9AF8D0008F4B4 /* StretchyHeaderLayout.swift */ = {isa = PBXFileReference; lastKnownFileType = sourcecode.swift; path = StretchyHeaderLayout.swift; sourceTree = "<group>"; };
		D69D9DBE22E9BFD20008F4B4 /* StretchyHeaderView.swift */ = {isa = PBXFileReference; lastKnownFileType = sourcecode.swift; path = StretchyHeaderView.swift; sourceTree = "<group>"; };
		D69D9DBF22E9BFD20008F4B4 /* StretchyHeaderView.xib */ = {isa = PBXFileReference; lastKnownFileType = file.xib; path = StretchyHeaderView.xib; sourceTree = "<group>"; };
		D69D9DC322E9C8360008F4B4 /* Extension.swift */ = {isa = PBXFileReference; lastKnownFileType = sourcecode.swift; path = Extension.swift; sourceTree = "<group>"; };
/* End PBXFileReference section */

/* Begin PBXFrameworksBuildPhase section */
		D69D9D9E22E9ACC60008F4B4 /* Frameworks */ = {
			isa = PBXFrameworksBuildPhase;
			buildActionMask = 2147483647;
			files = (
			);
			runOnlyForDeploymentPostprocessing = 0;
		};
/* End PBXFrameworksBuildPhase section */

/* Begin PBXGroup section */
		D69D9D9822E9ACC60008F4B4 = {
			isa = PBXGroup;
			children = (
				D69D9DA322E9ACC60008F4B4 /* StretchyHeader */,
				D69D9DA222E9ACC60008F4B4 /* Products */,
			);
			sourceTree = "<group>";
		};
		D69D9DA222E9ACC60008F4B4 /* Products */ = {
			isa = PBXGroup;
			children = (
				D69D9DA122E9ACC60008F4B4 /* StretchyHeader.app */,
			);
			name = Products;
			sourceTree = "<group>";
		};
		D69D9DA322E9ACC60008F4B4 /* StretchyHeader */ = {
			isa = PBXGroup;
			children = (
				D69D9DB622E9AD580008F4B4 /* SourceCode */,
				D69D9DA422E9ACC60008F4B4 /* AppDelegate.swift */,
				D69D9DA822E9ACC60008F4B4 /* Main.storyboard */,
				D69D9DAB22E9ACC90008F4B4 /* Assets.xcassets */,
				D69D9DAD22E9ACC90008F4B4 /* LaunchScreen.storyboard */,
				D69D9DB022E9ACC90008F4B4 /* Info.plist */,
			);
			path = StretchyHeader;
			sourceTree = "<group>";
		};
		D69D9DB622E9AD580008F4B4 /* SourceCode */ = {
			isa = PBXGroup;
			children = (
				D69D9DC222E9C82A0008F4B4 /* Utills */,
				D69D9DB722E9AD620008F4B4 /* StretchHeaderModule */,
			);
			path = SourceCode;
			sourceTree = "<group>";
		};
		D69D9DB722E9AD620008F4B4 /* StretchHeaderModule */ = {
			isa = PBXGroup;
			children = (
				D69D9DBD22E9BFA40008F4B4 /* View */,
				D69D9DBA22E9AF460008F4B4 /* StretchyHeaderLayout */,
				D69D9DB822E9AD910008F4B4 /* StretchyHeaderController.swift */,
			);
			path = StretchHeaderModule;
			sourceTree = "<group>";
		};
		D69D9DBA22E9AF460008F4B4 /* StretchyHeaderLayout */ = {
			isa = PBXGroup;
			children = (
				D69D9DBB22E9AF8D0008F4B4 /* StretchyHeaderLayout.swift */,
			);
			path = StretchyHeaderLayout;
			sourceTree = "<group>";
		};
		D69D9DBD22E9BFA40008F4B4 /* View */ = {
			isa = PBXGroup;
			children = (
				D69D9DBE22E9BFD20008F4B4 /* StretchyHeaderView.swift */,
				D69D9DBF22E9BFD20008F4B4 /* StretchyHeaderView.xib */,
			);
			path = View;
			sourceTree = "<group>";
		};
		D69D9DC222E9C82A0008F4B4 /* Utills */ = {
			isa = PBXGroup;
			children = (
				D69D9DC322E9C8360008F4B4 /* Extension.swift */,
			);
			path = Utills;
			sourceTree = "<group>";
		};
/* End PBXGroup section */

/* Begin PBXNativeTarget section */
		D69D9DA022E9ACC60008F4B4 /* StretchyHeader */ = {
			isa = PBXNativeTarget;
			buildConfigurationList = D69D9DB322E9ACC90008F4B4 /* Build configuration list for PBXNativeTarget "StretchyHeader" */;
			buildPhases = (
				D69D9D9D22E9ACC60008F4B4 /* Sources */,
				D69D9D9E22E9ACC60008F4B4 /* Frameworks */,
				D69D9D9F22E9ACC60008F4B4 /* Resources */,
			);
			buildRules = (
			);
			dependencies = (
			);
			name = StretchyHeader;
			productName = StretchyHeader;
			productReference = D69D9DA122E9ACC60008F4B4 /* StretchyHeader.app */;
			productType = "com.apple.product-type.application";
		};
/* End PBXNativeTarget section */

/* Begin PBXProject section */
		D69D9D9922E9ACC60008F4B4 /* Project object */ = {
			isa = PBXProject;
			attributes = {
				LastSwiftUpdateCheck = 1020;
				LastUpgradeCheck = 1020;
				ORGANIZATIONNAME = "Mohd Tahir";
				TargetAttributes = {
					D69D9DA022E9ACC60008F4B4 = {
						CreatedOnToolsVersion = 10.2;
					};
				};
			};
			buildConfigurationList = D69D9D9C22E9ACC60008F4B4 /* Build configuration list for PBXProject "StretchyHeader" */;
			compatibilityVersion = "Xcode 9.3";
			developmentRegion = en;
			hasScannedForEncodings = 0;
			knownRegions = (
				en,
				Base,
			);
			mainGroup = D69D9D9822E9ACC60008F4B4;
			productRefGroup = D69D9DA222E9ACC60008F4B4 /* Products */;
			projectDirPath = "";
			projectRoot = "";
			targets = (
				D69D9DA022E9ACC60008F4B4 /* StretchyHeader */,
			);
		};
/* End PBXProject section */

/* Begin PBXResourcesBuildPhase section */
		D69D9D9F22E9ACC60008F4B4 /* Resources */ = {
			isa = PBXResourcesBuildPhase;
			buildActionMask = 2147483647;
			files = (
				D69D9DAF22E9ACC90008F4B4 /* LaunchScreen.storyboard in Resources */,
				D69D9DC122E9BFD20008F4B4 /* StretchyHeaderView.xib in Resources */,
				D69D9DAC22E9ACC90008F4B4 /* Assets.xcassets in Resources */,
				D69D9DAA22E9ACC60008F4B4 /* Main.storyboard in Resources */,
			);
			runOnlyForDeploymentPostprocessing = 0;
		};
/* End PBXResourcesBuildPhase section */

/* Begin PBXSourcesBuildPhase section */
		D69D9D9D22E9ACC60008F4B4 /* Sources */ = {
			isa = PBXSourcesBuildPhase;
			buildActionMask = 2147483647;
			files = (
				D69D9DC422E9C8360008F4B4 /* Extension.swift in Sources */,
				D69D9DBC22E9AF8D0008F4B4 /* StretchyHeaderLayout.swift in Sources */,
				D69D9DC022E9BFD20008F4B4 /* StretchyHeaderView.swift in Sources */,
				D69D9DB922E9AD910008F4B4 /* StretchyHeaderController.swift in Sources */,
				D69D9DA522E9ACC60008F4B4 /* AppDelegate.swift in Sources */,
			);
			runOnlyForDeploymentPostprocessing = 0;
		};
/* End PBXSourcesBuildPhase section */

/* Begin PBXVariantGroup section */
		D69D9DA822E9ACC60008F4B4 /* Main.storyboard */ = {
			isa = PBXVariantGroup;
			children = (
				D69D9DA922E9ACC60008F4B4 /* Base */,
			);
			name = Main.storyboard;
			sourceTree = "<group>";
		};
		D69D9DAD22E9ACC90008F4B4 /* LaunchScreen.storyboard */ = {
			isa = PBXVariantGroup;
			children = (
				D69D9DAE22E9ACC90008F4B4 /* Base */,
			);
			name = LaunchScreen.storyboard;
			sourceTree = "<group>";
		};
/* End PBXVariantGroup section */

/* Begin XCBuildConfiguration section */
		D69D9DB122E9ACC90008F4B4 /* Debug */ = {
			isa = XCBuildConfiguration;
			buildSettings = {
				ALWAYS_SEARCH_USER_PATHS = NO;
				CLANG_ANALYZER_NONNULL = YES;
				CLANG_ANALYZER_NUMBER_OBJECT_CONVERSION = YES_AGGRESSIVE;
				CLANG_CXX_LANGUAGE_STANDARD = "gnu++14";
				CLANG_CXX_LIBRARY = "libc++";
				CLANG_ENABLE_MODULES = YES;
				CLANG_ENABLE_OBJC_ARC = YES;
				CLANG_ENABLE_OBJC_WEAK = YES;
				CLANG_WARN_BLOCK_CAPTURE_AUTORELEASING = YES;
				CLANG_WARN_BOOL_CONVERSION = YES;
				CLANG_WARN_COMMA = YES;
				CLANG_WARN_CONSTANT_CONVERSION = YES;
				CLANG_WARN_DEPRECATED_OBJC_IMPLEMENTATIONS = YES;
				CLANG_WARN_DIRECT_OBJC_ISA_USAGE = YES_ERROR;
				CLANG_WARN_DOCUMENTATION_COMMENTS = YES;
				CLANG_WARN_EMPTY_BODY = YES;
				CLANG_WARN_ENUM_CONVERSION = YES;
				CLANG_WARN_INFINITE_RECURSION = YES;
				CLANG_WARN_INT_CONVERSION = YES;
				CLANG_WARN_NON_LITERAL_NULL_CONVERSION = YES;
				CLANG_WARN_OBJC_IMPLICIT_RETAIN_SELF = YES;
				CLANG_WARN_OBJC_LITERAL_CONVERSION = YES;
				CLANG_WARN_OBJC_ROOT_CLASS = YES_ERROR;
				CLANG_WARN_RANGE_LOOP_ANALYSIS = YES;
				CLANG_WARN_STRICT_PROTOTYPES = YES;
				CLANG_WARN_SUSPICIOUS_MOVE = YES;
				CLANG_WARN_UNGUARDED_AVAILABILITY = YES_AGGRESSIVE;
				CLANG_WARN_UNREACHABLE_CODE = YES;
				CLANG_WARN__DUPLICATE_METHOD_MATCH = YES;
				CODE_SIGN_IDENTITY = "iPhone Developer";
				COPY_PHASE_STRIP = NO;
				DEBUG_INFORMATION_FORMAT = dwarf;
				ENABLE_STRICT_OBJC_MSGSEND = YES;
				ENABLE_TESTABILITY = YES;
				GCC_C_LANGUAGE_STANDARD = gnu11;
				GCC_DYNAMIC_NO_PIC = NO;
				GCC_NO_COMMON_BLOCKS = YES;
				GCC_OPTIMIZATION_LEVEL = 0;
				GCC_PREPROCESSOR_DEFINITIONS = (
					"DEBUG=1",
					"$(inherited)",
				);
				GCC_WARN_64_TO_32_BIT_CONVERSION = YES;
				GCC_WARN_ABOUT_RETURN_TYPE = YES_ERROR;
				GCC_WARN_UNDECLARED_SELECTOR = YES;
				GCC_WARN_UNINITIALIZED_AUTOS = YES_AGGRESSIVE;
				GCC_WARN_UNUSED_FUNCTION = YES;
				GCC_WARN_UNUSED_VARIABLE = YES;
				IPHONEOS_DEPLOYMENT_TARGET = 12.2;
				MTL_ENABLE_DEBUG_INFO = INCLUDE_SOURCE;
				MTL_FAST_MATH = YES;
				ONLY_ACTIVE_ARCH = YES;
				SDKROOT = iphoneos;
				SWIFT_ACTIVE_COMPILATION_CONDITIONS = DEBUG;
				SWIFT_OPTIMIZATION_LEVEL = "-Onone";
			};
			name = Debug;
		};
		D69D9DB222E9ACC90008F4B4 /* Release */ = {
			isa = XCBuildConfiguration;
			buildSettings = {
				ALWAYS_SEARCH_USER_PATHS = NO;
				CLANG_ANALYZER_NONNULL = YES;
				CLANG_ANALYZER_NUMBER_OBJECT_CONVERSION = YES_AGGRESSIVE;
				CLANG_CXX_LANGUAGE_STANDARD = "gnu++14";
				CLANG_CXX_LIBRARY = "libc++";
				CLANG_ENABLE_MODULES = YES;
				CLANG_ENABLE_OBJC_ARC = YES;
				CLANG_ENABLE_OBJC_WEAK = YES;
				CLANG_WARN_BLOCK_CAPTURE_AUTORELEASING = YES;
				CLANG_WARN_BOOL_CONVERSION = YES;
				CLANG_WARN_COMMA = YES;
				CLANG_WARN_CONSTANT_CONVERSION = YES;
				CLANG_WARN_DEPRECATED_OBJC_IMPLEMENTATIONS = YES;
				CLANG_WARN_DIRECT_OBJC_ISA_USAGE = YES_ERROR;
				CLANG_WARN_DOCUMENTATION_COMMENTS = YES;
				CLANG_WARN_EMPTY_BODY = YES;
				CLANG_WARN_ENUM_CONVERSION = YES;
				CLANG_WARN_INFINITE_RECURSION = YES;
				CLANG_WARN_INT_CONVERSION = YES;
				CLANG_WARN_NON_LITERAL_NULL_CONVERSION = YES;
				CLANG_WARN_OBJC_IMPLICIT_RETAIN_SELF = YES;
				CLANG_WARN_OBJC_LITERAL_CONVERSION = YES;
				CLANG_WARN_OBJC_ROOT_CLASS = YES_ERROR;
				CLANG_WARN_RANGE_LOOP_ANALYSIS = YES;
				CLANG_WARN_STRICT_PROTOTYPES = YES;
				CLANG_WARN_SUSPICIOUS_MOVE = YES;
				CLANG_WARN_UNGUARDED_AVAILABILITY = YES_AGGRESSIVE;
				CLANG_WARN_UNREACHABLE_CODE = YES;
				CLANG_WARN__DUPLICATE_METHOD_MATCH = YES;
				CODE_SIGN_IDENTITY = "iPhone Developer";
				COPY_PHASE_STRIP = NO;
				DEBUG_INFORMATION_FORMAT = "dwarf-with-dsym";
				ENABLE_NS_ASSERTIONS = NO;
				ENABLE_STRICT_OBJC_MSGSEND = YES;
				GCC_C_LANGUAGE_STANDARD = gnu11;
				GCC_NO_COMMON_BLOCKS = YES;
				GCC_WARN_64_TO_32_BIT_CONVERSION = YES;
				GCC_WARN_ABOUT_RETURN_TYPE = YES_ERROR;
				GCC_WARN_UNDECLARED_SELECTOR = YES;
				GCC_WARN_UNINITIALIZED_AUTOS = YES_AGGRESSIVE;
				GCC_WARN_UNUSED_FUNCTION = YES;
				GCC_WARN_UNUSED_VARIABLE = YES;
				IPHONEOS_DEPLOYMENT_TARGET = 12.2;
				MTL_ENABLE_DEBUG_INFO = NO;
				MTL_FAST_MATH = YES;
				SDKROOT = iphoneos;
				SWIFT_COMPILATION_MODE = wholemodule;
				SWIFT_OPTIMIZATION_LEVEL = "-O";
				VALIDATE_PRODUCT = YES;
			};
			name = Release;
		};
		D69D9DB422E9ACC90008F4B4 /* Debug */ = {
			isa = XCBuildConfiguration;
			buildSettings = {
				ASSETCATALOG_COMPILER_APPICON_NAME = AppIcon;
				CODE_SIGN_STYLE = Automatic;
				INFOPLIST_FILE = StretchyHeader/Info.plist;
				LD_RUNPATH_SEARCH_PATHS = (
					"$(inherited)",
					"@executable_path/Frameworks",
				);
				PRODUCT_BUNDLE_IDENTIFIER = com.app.StretchyHeader;
				PRODUCT_NAME = "$(TARGET_NAME)";
				SWIFT_VERSION = 5.0;
				TARGETED_DEVICE_FAMILY = "1,2";
			};
			name = Debug;
		};
		D69D9DB522E9ACC90008F4B4 /* Release */ = {
			isa = XCBuildConfiguration;
			buildSettings = {
				ASSETCATALOG_COMPILER_APPICON_NAME = AppIcon;
				CODE_SIGN_STYLE = Automatic;
				INFOPLIST_FILE = StretchyHeader/Info.plist;
				LD_RUNPATH_SEARCH_PATHS = (
					"$(inherited)",
					"@executable_path/Frameworks",
				);
				PRODUCT_BUNDLE_IDENTIFIER = com.app.StretchyHeader;
				PRODUCT_NAME = "$(TARGET_NAME)";
				SWIFT_VERSION = 5.0;
				TARGETED_DEVICE_FAMILY = "1,2";
			};
			name = Release;
		};
/* End XCBuildConfiguration section */

/* Begin XCConfigurationList section */
		D69D9D9C22E9ACC60008F4B4 /* Build configuration list for PBXProject "StretchyHeader" */ = {
			isa = XCConfigurationList;
			buildConfigurations = (
				D69D9DB122E9ACC90008F4B4 /* Debug */,
				D69D9DB222E9ACC90008F4B4 /* Release */,
			);
			defaultConfigurationIsVisible = 0;
			defaultConfigurationName = Release;
		};
		D69D9DB322E9ACC90008F4B4 /* Build configuration list for PBXNativeTarget "StretchyHeader" */ = {
			isa = XCConfigurationList;
			buildConfigurations = (
				D69D9DB422E9ACC90008F4B4 /* Debug */,
				D69D9DB522E9ACC90008F4B4 /* Release */,
			);
			defaultConfigurationIsVisible = 0;
			defaultConfigurationName = Release;
		};
/* End XCConfigurationList section */
	};
	rootObject = D69D9D9922E9ACC60008F4B4 /* Project object */;
}
